
Microsoft Visual Studio Solution File, Format Version 12.00
# Visual Studio Version 16
VisualStudioVersion = 16.0.30611.23
MinimumVisualStudioVersion = 10.0.40219.1
Project("{FAE04EC0-301F-11D3-BF4B-00C04F79EFBC}") = "RazorEmployeedetailsProj", "RazorEmployeedetailsProj\RazorEmployeedetailsProj.csproj", "{5816C1B7-F526-423A-9D98-1C39AB5E6391}"
EndProject
Project("{FAE04EC0-301F-11D3-BF4B-00C04F79EFBC}") = "RazorEmployeedetails.Models", "RazorEmployeedetails.Models\RazorEmployeedetails.Models.csproj", "{D02A419D-3243-4061-9ECA-487196EE0F2B}"
EndProject
Project("{FAE04EC0-301F-11D3-BF4B-00C04F79EFBC}") = "RazorEmployeedetails.Services", "RazorEmployeedetails.Services\RazorEmployeedetails.Services.csproj", "{B42D7041-8EE8-49F0-AEEB-56C2B906F75A}"
EndProject
Global
	GlobalSection(SolutionConfigurationPlatforms) = preSolution
		Debug|Any CPU = Debug|Any CPU
		Release|Any CPU = Release|Any CPU
	EndGlobalSection
	GlobalSection(ProjectConfigurationPlatforms) = postSolution
		{5816C1B7-F526-423A-9D98-1C39AB5E6391}.Debug|Any CPU.ActiveCfg = Debug|Any CPU
		{5816C1B7-F526-423A-9D98-1C39AB5E6391}.Debug|Any CPU.Build.0 = Debug|Any CPU
		{5816C1B7-F526-423A-9D98-1C39AB5E6391}.Release|Any CPU.ActiveCfg = Release|Any CPU
		{5816C1B7-F526-423A-9D98-1C39AB5E6391}.Release|Any CPU.Build.0 = Release|Any CPU
		{D02A419D-3243-4061-9ECA-487196EE0F2B}.Debug|Any CPU.ActiveCfg = Debug|Any CPU
		{D02A419D-3243-4061-9ECA-487196EE0F2B}.Debug|Any CPU.Build.0 = Debug|Any CPU
		{D02A419D-3243-4061-9ECA-487196EE0F2B}.Release|Any CPU.ActiveCfg = Release|Any CPU
		{D02A419D-3243-4061-9ECA-487196EE0F2B}.Release|Any CPU.Build.0 = Release|Any CPU
		{B42D7041-8EE8-49F0-AEEB-56C2B906F75A}.Debug|Any CPU.ActiveCfg = Debug|Any CPU
		{B42D7041-8EE8-49F0-AEEB-56C2B906F75A}.Debug|Any CPU.Build.0 = Debug|Any CPU
		{B42D7041-8EE8-49F0-AEEB-56C2B906F75A}.Release|Any CPU.ActiveCfg = Release|Any CPU
		{B42D7041-8EE8-49F0-AEEB-56C2B906F75A}.Release|Any CPU.Build.0 = Release|Any CPU
	EndGlobalSection
	GlobalSection(SolutionProperties) = preSolution
		HideSolutionNode = FALSE
	EndGlobalSection
	GlobalSection(ExtensibilityGlobals) = postSolution
		SolutionGuid = {BDC0A0DE-964D-42A9-BEC3-21508F0C44A3}
	EndGlobalSection
EndGlobal
